// !$*UTF8*$!
{
	archiveVersion = 1;
	classes = {
	};
	objectVersion = 50;
	objects = {

/* Begin PBXBuildFile section */
		C8DB57A625E71DE0004ED79D /* AppDelegate.swift in Sources */ = {isa = PBXBuildFile; fileRef = C8DB57A525E71DE0004ED79D /* AppDelegate.swift */; };
		C8DB57A825E71DE0004ED79D /* GameScene.sks in Resources */ = {isa = PBXBuildFile; fileRef = C8DB57A725E71DE0004ED79D /* GameScene.sks */; };
		C8DB57AA25E71DE0004ED79D /* Actions.sks in Resources */ = {isa = PBXBuildFile; fileRef = C8DB57A925E71DE0004ED79D /* Actions.sks */; };
		C8DB57AC25E71DE0004ED79D /* GameScene.swift in Sources */ = {isa = PBXBuildFile; fileRef = C8DB57AB25E71DE0004ED79D /* GameScene.swift */; };
		C8DB57AE25E71DE0004ED79D /* GameViewController.swift in Sources */ = {isa = PBXBuildFile; fileRef = C8DB57AD25E71DE0004ED79D /* GameViewController.swift */; };
		C8DB57B125E71DE0004ED79D /* Main.storyboard in Resources */ = {isa = PBXBuildFile; fileRef = C8DB57AF25E71DE0004ED79D /* Main.storyboard */; };
		C8DB57B325E71DE2004ED79D /* Assets.xcassets in Resources */ = {isa = PBXBuildFile; fileRef = C8DB57B225E71DE2004ED79D /* Assets.xcassets */; };
		C8DB57B625E71DE2004ED79D /* LaunchScreen.storyboard in Resources */ = {isa = PBXBuildFile; fileRef = C8DB57B425E71DE2004ED79D /* LaunchScreen.storyboard */; };
		C8DB57C025E72716004ED79D /* GameProtocol.swift in Sources */ = {isa = PBXBuildFile; fileRef = C8DB57BF25E72716004ED79D /* GameProtocol.swift */; };
		C8DB57C325E727BB004ED79D /* GameObject.swift in Sources */ = {isa = PBXBuildFile; fileRef = C8DB57C225E727BB004ED79D /* GameObject.swift */; };
		C8DB57C725E72E50004ED79D /* Ocean.swift in Sources */ = {isa = PBXBuildFile; fileRef = C8DB57C625E72E50004ED79D /* Ocean.swift */; };
		C8DB57CA25E73C62004ED79D /* Island.swift in Sources */ = {isa = PBXBuildFile; fileRef = C8DB57C925E73C62004ED79D /* Island.swift */; };
		C8DB57CC25E74161004ED79D /* Cloud.swift in Sources */ = {isa = PBXBuildFile; fileRef = C8DB57CB25E74161004ED79D /* Cloud.swift */; };
		C8DB57CE25E74649004ED79D /* Plane.swift in Sources */ = {isa = PBXBuildFile; fileRef = C8DB57CD25E74649004ED79D /* Plane.swift */; };
		C8DB57D125E74B7A004ED79D /* CollisionManager.swift in Sources */ = {isa = PBXBuildFile; fileRef = C8DB57D025E74B7A004ED79D /* CollisionManager.swift */; };
/* End PBXBuildFile section */

/* Begin PBXFileReference section */
		C8DB57A225E71DE0004ED79D /* MAPD724-Lesson6.app */ = {isa = PBXFileReference; explicitFileType = wrapper.application; includeInIndex = 0; path = "MAPD724-Lesson6.app"; sourceTree = BUILT_PRODUCTS_DIR; };
		C8DB57A525E71DE0004ED79D /* AppDelegate.swift */ = {isa = PBXFileReference; lastKnownFileType = sourcecode.swift; path = AppDelegate.swift; sourceTree = "<group>"; };
		C8DB57A725E71DE0004ED79D /* GameScene.sks */ = {isa = PBXFileReference; lastKnownFileType = file.sks; path = GameScene.sks; sourceTree = "<group>"; };
		C8DB57A925E71DE0004ED79D /* Actions.sks */ = {isa = PBXFileReference; lastKnownFileType = file.sks; path = Actions.sks; sourceTree = "<group>"; };
		C8DB57AB25E71DE0004ED79D /* GameScene.swift */ = {isa = PBXFileReference; lastKnownFileType = sourcecode.swift; path = GameScene.swift; sourceTree = "<group>"; };
		C8DB57AD25E71DE0004ED79D /* GameViewController.swift */ = {isa = PBXFileReference; lastKnownFileType = sourcecode.swift; path = GameViewController.swift; sourceTree = "<group>"; };
		C8DB57B025E71DE0004ED79D /* Base */ = {isa = PBXFileReference; lastKnownFileType = file.storyboard; name = Base; path = Base.lproj/Main.storyboard; sourceTree = "<group>"; };
		C8DB57B225E71DE2004ED79D /* Assets.xcassets */ = {isa = PBXFileReference; lastKnownFileType = folder.assetcatalog; path = Assets.xcassets; sourceTree = "<group>"; };
		C8DB57B525E71DE2004ED79D /* Base */ = {isa = PBXFileReference; lastKnownFileType = file.storyboard; name = Base; path = Base.lproj/LaunchScreen.storyboard; sourceTree = "<group>"; };
		C8DB57B725E71DE2004ED79D /* Info.plist */ = {isa = PBXFileReference; lastKnownFileType = text.plist.xml; path = Info.plist; sourceTree = "<group>"; };
		C8DB57BF25E72716004ED79D /* GameProtocol.swift */ = {isa = PBXFileReference; lastKnownFileType = sourcecode.swift; path = GameProtocol.swift; sourceTree = "<group>"; };
		C8DB57C225E727BB004ED79D /* GameObject.swift */ = {isa = PBXFileReference; lastKnownFileType = sourcecode.swift; path = GameObject.swift; sourceTree = "<group>"; };
		C8DB57C625E72E50004ED79D /* Ocean.swift */ = {isa = PBXFileReference; lastKnownFileType = sourcecode.swift; path = Ocean.swift; sourceTree = "<group>"; };
		C8DB57C925E73C62004ED79D /* Island.swift */ = {isa = PBXFileReference; lastKnownFileType = sourcecode.swift; path = Island.swift; sourceTree = "<group>"; };
		C8DB57CB25E74161004ED79D /* Cloud.swift */ = {isa = PBXFileReference; lastKnownFileType = sourcecode.swift; path = Cloud.swift; sourceTree = "<group>"; };
		C8DB57CD25E74649004ED79D /* Plane.swift */ = {isa = PBXFileReference; lastKnownFileType = sourcecode.swift; path = Plane.swift; sourceTree = "<group>"; };
		C8DB57D025E74B7A004ED79D /* CollisionManager.swift */ = {isa = PBXFileReference; lastKnownFileType = sourcecode.swift; path = CollisionManager.swift; sourceTree = "<group>"; };
/* End PBXFileReference section */

/* Begin PBXFrameworksBuildPhase section */
		C8DB579F25E71DE0004ED79D /* Frameworks */ = {
			isa = PBXFrameworksBuildPhase;
			buildActionMask = 2147483647;
			files = (
			);
			runOnlyForDeploymentPostprocessing = 0;
		};
/* End PBXFrameworksBuildPhase section */

/* Begin PBXGroup section */
		C8DB579925E71DE0004ED79D = {
			isa = PBXGroup;
			children = (
				C8DB57A425E71DE0004ED79D /* MAPD724-Lesson6 */,
				C8DB57A325E71DE0004ED79D /* Products */,
			);
			sourceTree = "<group>";
		};
		C8DB57A325E71DE0004ED79D /* Products */ = {
			isa = PBXGroup;
			children = (
				C8DB57A225E71DE0004ED79D /* MAPD724-Lesson6.app */,
			);
			name = Products;
			sourceTree = "<group>";
		};
		C8DB57A425E71DE0004ED79D /* MAPD724-Lesson6 */ = {
			isa = PBXGroup;
			children = (
				C8DB57CF25E74B5B004ED79D /* Managers */,
				C8DB57C525E72E2B004ED79D /* New Group */,
				C8DB57C125E7278D004ED79D /* Core */,
				C8DB57A525E71DE0004ED79D /* AppDelegate.swift */,
				C8DB57A725E71DE0004ED79D /* GameScene.sks */,
				C8DB57A925E71DE0004ED79D /* Actions.sks */,
				C8DB57AB25E71DE0004ED79D /* GameScene.swift */,
				C8DB57AD25E71DE0004ED79D /* GameViewController.swift */,
				C8DB57AF25E71DE0004ED79D /* Main.storyboard */,
				C8DB57B225E71DE2004ED79D /* Assets.xcassets */,
				C8DB57B425E71DE2004ED79D /* LaunchScreen.storyboard */,
				C8DB57B725E71DE2004ED79D /* Info.plist */,
			);
			path = "MAPD724-Lesson6";
			sourceTree = "<group>";
		};
		C8DB57C125E7278D004ED79D /* Core */ = {
			isa = PBXGroup;
			children = (
				C8DB57BF25E72716004ED79D /* GameProtocol.swift */,
				C8DB57C225E727BB004ED79D /* GameObject.swift */,
			);
			path = Core;
			sourceTree = "<group>";
		};
		C8DB57C525E72E2B004ED79D /* New Group */ = {
			isa = PBXGroup;
			children = (
				C8DB57C625E72E50004ED79D /* Ocean.swift */,
				C8DB57C925E73C62004ED79D /* Island.swift */,
				C8DB57CB25E74161004ED79D /* Cloud.swift */,
				C8DB57CD25E74649004ED79D /* Plane.swift */,
			);
			path = "New Group";
			sourceTree = "<group>";
		};
		C8DB57CF25E74B5B004ED79D /* Managers */ = {
			isa = PBXGroup;
			children = (
				C8DB57D025E74B7A004ED79D /* CollisionManager.swift */,
			);
			path = Managers;
			sourceTree = "<group>";
		};
/* End PBXGroup section */

/* Begin PBXNativeTarget section */
		C8DB57A125E71DE0004ED79D /* MAPD724-Lesson6 */ = {
			isa = PBXNativeTarget;
			buildConfigurationList = C8DB57BA25E71DE2004ED79D /* Build configuration list for PBXNativeTarget "MAPD724-Lesson6" */;
			buildPhases = (
				C8DB579E25E71DE0004ED79D /* Sources */,
				C8DB579F25E71DE0004ED79D /* Frameworks */,
				C8DB57A025E71DE0004ED79D /* Resources */,
			);
			buildRules = (
			);
			dependencies = (
			);
			name = "MAPD724-Lesson6";
			productName = "MAPD724-Lesson6";
			productReference = C8DB57A225E71DE0004ED79D /* MAPD724-Lesson6.app */;
			productType = "com.apple.product-type.application";
		};
/* End PBXNativeTarget section */

/* Begin PBXProject section */
		C8DB579A25E71DE0004ED79D /* Project object */ = {
			isa = PBXProject;
			attributes = {
				LastSwiftUpdateCheck = 1170;
				LastUpgradeCheck = 1170;
				ORGANIZATIONNAME = "Juliana de Carvalho";
				TargetAttributes = {
					C8DB57A125E71DE0004ED79D = {
						CreatedOnToolsVersion = 11.7;
					};
				};
			};
			buildConfigurationList = C8DB579D25E71DE0004ED79D /* Build configuration list for PBXProject "MAPD724-Lesson6" */;
			compatibilityVersion = "Xcode 9.3";
			developmentRegion = en;
			hasScannedForEncodings = 0;
			knownRegions = (
				en,
				Base,
			);
			mainGroup = C8DB579925E71DE0004ED79D;
			productRefGroup = C8DB57A325E71DE0004ED79D /* Products */;
			projectDirPath = "";
			projectRoot = "";
			targets = (
				C8DB57A125E71DE0004ED79D /* MAPD724-Lesson6 */,
			);
		};
/* End PBXProject section */

/* Begin PBXResourcesBuildPhase section */
		C8DB57A025E71DE0004ED79D /* Resources */ = {
			isa = PBXResourcesBuildPhase;
			buildActionMask = 2147483647;
			files = (
				C8DB57B125E71DE0004ED79D /* Main.storyboard in Resources */,
				C8DB57A825E71DE0004ED79D /* GameScene.sks in Resources */,
				C8DB57B325E71DE2004ED79D /* Assets.xcassets in Resources */,
				C8DB57B625E71DE2004ED79D /* LaunchScreen.storyboard in Resources */,
				C8DB57AA25E71DE0004ED79D /* Actions.sks in Resources */,
			);
			runOnlyForDeploymentPostprocessing = 0;
		};
/* End PBXResourcesBuildPhase section */

/* Begin PBXSourcesBuildPhase section */
		C8DB579E25E71DE0004ED79D /* Sources */ = {
			isa = PBXSourcesBuildPhase;
			buildActionMask = 2147483647;
			files = (
				C8DB57AC25E71DE0004ED79D /* GameScene.swift in Sources */,
				C8DB57CE25E74649004ED79D /* Plane.swift in Sources */,
				C8DB57D125E74B7A004ED79D /* CollisionManager.swift in Sources */,
				C8DB57C025E72716004ED79D /* GameProtocol.swift in Sources */,
				C8DB57AE25E71DE0004ED79D /* GameViewController.swift in Sources */,
				C8DB57CA25E73C62004ED79D /* Island.swift in Sources */,
				C8DB57A625E71DE0004ED79D /* AppDelegate.swift in Sources */,
				C8DB57CC25E74161004ED79D /* Cloud.swift in Sources */,
				C8DB57C725E72E50004ED79D /* Ocean.swift in Sources */,
				C8DB57C325E727BB004ED79D /* GameObject.swift in Sources */,
			);
			runOnlyForDeploymentPostprocessing = 0;
		};
/* End PBXSourcesBuildPhase section */

/* Begin PBXVariantGroup section */
		C8DB57AF25E71DE0004ED79D /* Main.storyboard */ = {
			isa = PBXVariantGroup;
			children = (
				C8DB57B025E71DE0004ED79D /* Base */,
			);
			name = Main.storyboard;
			sourceTree = "<group>";
		};
		C8DB57B425E71DE2004ED79D /* LaunchScreen.storyboard */ = {
			isa = PBXVariantGroup;
			children = (
				C8DB57B525E71DE2004ED79D /* Base */,
			);
			name = LaunchScreen.storyboard;
			sourceTree = "<group>";
		};
/* End PBXVariantGroup section */

/* Begin XCBuildConfiguration section */
		C8DB57B825E71DE2004ED79D /* Debug */ = {
			isa = XCBuildConfiguration;
			buildSettings = {
				ALWAYS_SEARCH_USER_PATHS = NO;
				CLANG_ANALYZER_NONNULL = YES;
				CLANG_ANALYZER_NUMBER_OBJECT_CONVERSION = YES_AGGRESSIVE;
				CLANG_CXX_LANGUAGE_STANDARD = "gnu++14";
				CLANG_CXX_LIBRARY = "libc++";
				CLANG_ENABLE_MODULES = YES;
				CLANG_ENABLE_OBJC_ARC = YES;
				CLANG_ENABLE_OBJC_WEAK = YES;
				CLANG_WARN_BLOCK_CAPTURE_AUTORELEASING = YES;
				CLANG_WARN_BOOL_CONVERSION = YES;
				CLANG_WARN_COMMA = YES;
				CLANG_WARN_CONSTANT_CONVERSION = YES;
				CLANG_WARN_DEPRECATED_OBJC_IMPLEMENTATIONS = YES;
				CLANG_WARN_DIRECT_OBJC_ISA_USAGE = YES_ERROR;
				CLANG_WARN_DOCUMENTATION_COMMENTS = YES;
				CLANG_WARN_EMPTY_BODY = YES;
				CLANG_WARN_ENUM_CONVERSION = YES;
				CLANG_WARN_INFINITE_RECURSION = YES;
				CLANG_WARN_INT_CONVERSION = YES;
				CLANG_WARN_NON_LITERAL_NULL_CONVERSION = YES;
				CLANG_WARN_OBJC_IMPLICIT_RETAIN_SELF = YES;
				CLANG_WARN_OBJC_LITERAL_CONVERSION = YES;
				CLANG_WARN_OBJC_ROOT_CLASS = YES_ERROR;
				CLANG_WARN_RANGE_LOOP_ANALYSIS = YES;
				CLANG_WARN_STRICT_PROTOTYPES = YES;
				CLANG_WARN_SUSPICIOUS_MOVE = YES;
				CLANG_WARN_UNGUARDED_AVAILABILITY = YES_AGGRESSIVE;
				CLANG_WARN_UNREACHABLE_CODE = YES;
				CLANG_WARN__DUPLICATE_METHOD_MATCH = YES;
				COPY_PHASE_STRIP = NO;
				DEBUG_INFORMATION_FORMAT = dwarf;
				ENABLE_STRICT_OBJC_MSGSEND = YES;
				ENABLE_TESTABILITY = YES;
				GCC_C_LANGUAGE_STANDARD = gnu11;
				GCC_DYNAMIC_NO_PIC = NO;
				GCC_NO_COMMON_BLOCKS = YES;
				GCC_OPTIMIZATION_LEVEL = 0;
				GCC_PREPROCESSOR_DEFINITIONS = (
					"DEBUG=1",
					"$(inherited)",
				);
				GCC_WARN_64_TO_32_BIT_CONVERSION = YES;
				GCC_WARN_ABOUT_RETURN_TYPE = YES_ERROR;
				GCC_WARN_UNDECLARED_SELECTOR = YES;
				GCC_WARN_UNINITIALIZED_AUTOS = YES_AGGRESSIVE;
				GCC_WARN_UNUSED_FUNCTION = YES;
				GCC_WARN_UNUSED_VARIABLE = YES;
				IPHONEOS_DEPLOYMENT_TARGET = 13.7;
				MTL_ENABLE_DEBUG_INFO = INCLUDE_SOURCE;
				MTL_FAST_MATH = YES;
				ONLY_ACTIVE_ARCH = YES;
				SDKROOT = iphoneos;
				SWIFT_ACTIVE_COMPILATION_CONDITIONS = DEBUG;
				SWIFT_OPTIMIZATION_LEVEL = "-Onone";
			};
			name = Debug;
		};
		C8DB57B925E71DE2004ED79D /* Release */ = {
			isa = XCBuildConfiguration;
			buildSettings = {
				ALWAYS_SEARCH_USER_PATHS = NO;
				CLANG_ANALYZER_NONNULL = YES;
				CLANG_ANALYZER_NUMBER_OBJECT_CONVERSION = YES_AGGRESSIVE;
				CLANG_CXX_LANGUAGE_STANDARD = "gnu++14";
				CLANG_CXX_LIBRARY = "libc++";
				CLANG_ENABLE_MODULES = YES;
				CLANG_ENABLE_OBJC_ARC = YES;
				CLANG_ENABLE_OBJC_WEAK = YES;
				CLANG_WARN_BLOCK_CAPTURE_AUTORELEASING = YES;
				CLANG_WARN_BOOL_CONVERSION = YES;
				CLANG_WARN_COMMA = YES;
				CLANG_WARN_CONSTANT_CONVERSION = YES;
				CLANG_WARN_DEPRECATED_OBJC_IMPLEMENTATIONS = YES;
				CLANG_WARN_DIRECT_OBJC_ISA_USAGE = YES_ERROR;
				CLANG_WARN_DOCUMENTATION_COMMENTS = YES;
				CLANG_WARN_EMPTY_BODY = YES;
				CLANG_WARN_ENUM_CONVERSION = YES;
				CLANG_WARN_INFINITE_RECURSION = YES;
				CLANG_WARN_INT_CONVERSION = YES;
				CLANG_WARN_NON_LITERAL_NULL_CONVERSION = YES;
				CLANG_WARN_OBJC_IMPLICIT_RETAIN_SELF = YES;
				CLANG_WARN_OBJC_LITERAL_CONVERSION = YES;
				CLANG_WARN_OBJC_ROOT_CLASS = YES_ERROR;
				CLANG_WARN_RANGE_LOOP_ANALYSIS = YES;
				CLANG_WARN_STRICT_PROTOTYPES = YES;
				CLANG_WARN_SUSPICIOUS_MOVE = YES;
				CLANG_WARN_UNGUARDED_AVAILABILITY = YES_AGGRESSIVE;
				CLANG_WARN_UNREACHABLE_CODE = YES;
				CLANG_WARN__DUPLICATE_METHOD_MATCH = YES;
				COPY_PHASE_STRIP = NO;
				DEBUG_INFORMATION_FORMAT = "dwarf-with-dsym";
				ENABLE_NS_ASSERTIONS = NO;
				ENABLE_STRICT_OBJC_MSGSEND = YES;
				GCC_C_LANGUAGE_STANDARD = gnu11;
				GCC_NO_COMMON_BLOCKS = YES;
				GCC_WARN_64_TO_32_BIT_CONVERSION = YES;
				GCC_WARN_ABOUT_RETURN_TYPE = YES_ERROR;
				GCC_WARN_UNDECLARED_SELECTOR = YES;
				GCC_WARN_UNINITIALIZED_AUTOS = YES_AGGRESSIVE;
				GCC_WARN_UNUSED_FUNCTION = YES;
				GCC_WARN_UNUSED_VARIABLE = YES;
				IPHONEOS_DEPLOYMENT_TARGET = 13.7;
				MTL_ENABLE_DEBUG_INFO = NO;
				MTL_FAST_MATH = YES;
				SDKROOT = iphoneos;
				SWIFT_COMPILATION_MODE = wholemodule;
				SWIFT_OPTIMIZATION_LEVEL = "-O";
				VALIDATE_PRODUCT = YES;
			};
			name = Release;
		};
		C8DB57BB25E71DE2004ED79D /* Debug */ = {
			isa = XCBuildConfiguration;
			buildSettings = {
				ASSETCATALOG_COMPILER_APPICON_NAME = AppIcon;
				CODE_SIGN_STYLE = Automatic;
				DEVELOPMENT_TEAM = R6FT28YTB3;
				INFOPLIST_FILE = "MAPD724-Lesson6/Info.plist";
				LD_RUNPATH_SEARCH_PATHS = (
					"$(inherited)",
					"@executable_path/Frameworks",
				);
				PRODUCT_BUNDLE_IDENTIFIER = "julianaCarvalho.MAPD724-Lesson6";
				PRODUCT_NAME = "$(TARGET_NAME)";
				SWIFT_VERSION = 5.0;
				TARGETED_DEVICE_FAMILY = "1,2";
			};
			name = Debug;
		};
		C8DB57BC25E71DE2004ED79D /* Release */ = {
			isa = XCBuildConfiguration;
			buildSettings = {
				ASSETCATALOG_COMPILER_APPICON_NAME = AppIcon;
				CODE_SIGN_STYLE = Automatic;
				DEVELOPMENT_TEAM = R6FT28YTB3;
				INFOPLIST_FILE = "MAPD724-Lesson6/Info.plist";
				LD_RUNPATH_SEARCH_PATHS = (
					"$(inherited)",
					"@executable_path/Frameworks",
				);
				PRODUCT_BUNDLE_IDENTIFIER = "julianaCarvalho.MAPD724-Lesson6";
				PRODUCT_NAME = "$(TARGET_NAME)";
				SWIFT_VERSION = 5.0;
				TARGETED_DEVICE_FAMILY = "1,2";
			};
			name = Release;
		};
/* End XCBuildConfiguration section */

/* Begin XCConfigurationList section */
		C8DB579D25E71DE0004ED79D /* Build configuration list for PBXProject "MAPD724-Lesson6" */ = {
			isa = XCConfigurationList;
			buildConfigurations = (
				C8DB57B825E71DE2004ED79D /* Debug */,
				C8DB57B925E71DE2004ED79D /* Release */,
			);
			defaultConfigurationIsVisible = 0;
			defaultConfigurationName = Release;
		};
		C8DB57BA25E71DE2004ED79D /* Build configuration list for PBXNativeTarget "MAPD724-Lesson6" */ = {
			isa = XCConfigurationList;
			buildConfigurations = (
				C8DB57BB25E71DE2004ED79D /* Debug */,
				C8DB57BC25E71DE2004ED79D /* Release */,
			);
			defaultConfigurationIsVisible = 0;
			defaultConfigurationName = Release;
		};
/* End XCConfigurationList section */
	};
	rootObject = C8DB579A25E71DE0004ED79D /* Project object */;
}
